
Microsoft Visual Studio Solution File, Format Version 12.00
# Visual Studio 15
VisualStudioVersion = 15.0.27703.2047
MinimumVisualStudioVersion = 10.0.40219.1
Project("{FAE04EC0-301F-11D3-BF4B-00C04F79EFBC}") = "VirtualMindTest", "VirtualMindTest\VirtualMindTest.csproj", "{E86833DA-0602-4AB5-B55D-61DAA5323EAE}"
EndProject
Project("{FAE04EC0-301F-11D3-BF4B-00C04F79EFBC}") = "VirtualMindTest.Tests", "VirtualMindTest.Tests\VirtualMindTest.Tests.csproj", "{D2631D7E-0D5D-4F06-9FDC-723A09F832A9}"
EndProject
Global
	GlobalSection(SolutionConfigurationPlatforms) = preSolution
		Debug|Any CPU = Debug|Any CPU
		Release|Any CPU = Release|Any CPU
	EndGlobalSection
	GlobalSection(ProjectConfigurationPlatforms) = postSolution
		{E86833DA-0602-4AB5-B55D-61DAA5323EAE}.Debug|Any CPU.ActiveCfg = Debug|Any CPU
		{E86833DA-0602-4AB5-B55D-61DAA5323EAE}.Debug|Any CPU.Build.0 = Debug|Any CPU
		{E86833DA-0602-4AB5-B55D-61DAA5323EAE}.Release|Any CPU.ActiveCfg = Release|Any CPU
		{E86833DA-0602-4AB5-B55D-61DAA5323EAE}.Release|Any CPU.Build.0 = Release|Any CPU
		{D2631D7E-0D5D-4F06-9FDC-723A09F832A9}.Debug|Any CPU.ActiveCfg = Debug|Any CPU
		{D2631D7E-0D5D-4F06-9FDC-723A09F832A9}.Debug|Any CPU.Build.0 = Debug|Any CPU
		{D2631D7E-0D5D-4F06-9FDC-723A09F832A9}.Release|Any CPU.ActiveCfg = Release|Any CPU
		{D2631D7E-0D5D-4F06-9FDC-723A09F832A9}.Release|Any CPU.Build.0 = Release|Any CPU
	EndGlobalSection
	GlobalSection(SolutionProperties) = preSolution
		HideSolutionNode = FALSE
	EndGlobalSection
	GlobalSection(ExtensibilityGlobals) = postSolution
		SolutionGuid = {FF840C9C-E565-447C-8524-B81BEEFF7CBC}
	EndGlobalSection
EndGlobal
